# generated by rye
# use `rye lock` or `rye sync` to update this lockfile
#
# last locked with the following flags:
#   pre: false
#   features: []
#   all-features: false
#   with-sources: false
#   generate-hashes: false
#   universal: false

-e file:.
numpy==2.2.2
    # via pandas
pandas==2.2.3
    # via extract
python-dateutil==2.9.0.post0
    # via pandas
pytz==2024.2
    # via pandas
six==1.17.0
    # via python-dateutil
tqdm==4.67.1
    # via extract
tzdata==2025.1
    # via pandas
